Microsoft Visual Studio Solution File, Format Version 11.00
# Visual Studio 2010
Project("{FAE04EC0-301F-11D3-BF4B-00C04F79EFBC}") = "Assembly-CSharp", "Assembly-CSharp.csproj", "{D694464F-CC1F-E979-EAEE-A419389F8FE7}"
EndProject
Project("{FAE04EC0-301F-11D3-BF4B-00C04F79EFBC}") = "Assembly-CSharp-firstpass", "Assembly-CSharp-firstpass.csproj", "{A5D8112B-1517-46DB-732C-2F6B0E970AB5}"
EndProject
Project("{FAE04EC0-301F-11D3-BF4B-00C04F79EFBC}") = "Assembly-CSharp-Editor", "Assembly-CSharp-Editor.csproj", "{EB6B776A-C088-622A-2959-23169926BF3A}"
EndProject
Global
	GlobalSection(SolutionConfigurationPlatforms) = preSolution
		Debug|Any CPU = Debug|Any CPU
		Release|Any CPU = Release|Any CPU
	EndGlobalSection
	GlobalSection(ProjectConfigurationPlatforms) = postSolution
		{D694464F-CC1F-E979-EAEE-A419389F8FE7}.Debug|Any CPU.ActiveCfg = Debug|Any CPU
		{D694464F-CC1F-E979-EAEE-A419389F8FE7}.Debug|Any CPU.Build.0 = Debug|Any CPU
		{D694464F-CC1F-E979-EAEE-A419389F8FE7}.Release|Any CPU.ActiveCfg = Release|Any CPU
		{D694464F-CC1F-E979-EAEE-A419389F8FE7}.Release|Any CPU.Build.0 = Release|Any CPU
		{A5D8112B-1517-46DB-732C-2F6B0E970AB5}.Debug|Any CPU.ActiveCfg = Debug|Any CPU
		{A5D8112B-1517-46DB-732C-2F6B0E970AB5}.Debug|Any CPU.Build.0 = Debug|Any CPU
		{A5D8112B-1517-46DB-732C-2F6B0E970AB5}.Release|Any CPU.ActiveCfg = Release|Any CPU
		{A5D8112B-1517-46DB-732C-2F6B0E970AB5}.Release|Any CPU.Build.0 = Release|Any CPU
		{EB6B776A-C088-622A-2959-23169926BF3A}.Debug|Any CPU.ActiveCfg = Debug|Any CPU
		{EB6B776A-C088-622A-2959-23169926BF3A}.Debug|Any CPU.Build.0 = Debug|Any CPU
		{EB6B776A-C088-622A-2959-23169926BF3A}.Release|Any CPU.ActiveCfg = Release|Any CPU
		{EB6B776A-C088-622A-2959-23169926BF3A}.Release|Any CPU.Build.0 = Release|Any CPU
	EndGlobalSection
	GlobalSection(SolutionProperties) = preSolution
		HideSolutionNode = FALSE
	EndGlobalSection
	GlobalSection(MonoDevelopProperties) = preSolution
		StartupItem = Assembly-CSharp.csproj
	EndGlobalSection
EndGlobal
